
Microsoft Visual Studio Solution File, Format Version 12.00
# Visual Studio Version 16
VisualStudioVersion = 16.0.810.12
MinimumVisualStudioVersion = 10.0.40219.1
Project("{FAE04EC0-301F-11D3-BF4B-00C04F79EFBC}") = "SocialMedia.API", "SocialMedia.API\SocialMedia.API.csproj", "{CF7892A2-A82A-41B2-AACD-AD98F78F6238}"
EndProject
Project("{FAE04EC0-301F-11D3-BF4B-00C04F79EFBC}") = "SocialMedia.Core", "SocialMedia.Core\SocialMedia.Core.csproj", "{55A64A8D-D670-46EF-91F0-1691A554C8DC}"
EndProject
Project("{FAE04EC0-301F-11D3-BF4B-00C04F79EFBC}") = "SocialMedia.Infraestructure", "SocialMedia.Infraestructure\SocialMedia.Infraestructure.csproj", "{A097116D-DA44-4CE8-9ADE-661B955D76B5}"
EndProject
Project("{2150E333-8FDC-42A3-9474-1A3956D46DE8}") = "Tests", "Tests", "{370C79FD-6FF1-417D-97C5-2966265FC1E6}"
EndProject
Project("{FAE04EC0-301F-11D3-BF4B-00C04F79EFBC}") = "SocialMedia.UnitTests", "SocialMedia.UnitTests\SocialMedia.UnitTests.csproj", "{DEA608EE-5CA6-4A42-B2F6-87694F2357DF}"
EndProject
Project("{FAE04EC0-301F-11D3-BF4B-00C04F79EFBC}") = "SocialMedia.IntegrationTests", "SocialMedia.UnitTests\SocialMedia.IntegrationTests\SocialMedia.IntegrationTests.csproj", "{B083C601-F457-4423-B165-B578EA82F7AE}"
EndProject
Global
	GlobalSection(SolutionConfigurationPlatforms) = preSolution
		Debug|Any CPU = Debug|Any CPU
		Release|Any CPU = Release|Any CPU
	EndGlobalSection
	GlobalSection(ProjectConfigurationPlatforms) = postSolution
		{CF7892A2-A82A-41B2-AACD-AD98F78F6238}.Debug|Any CPU.ActiveCfg = Debug|Any CPU
		{CF7892A2-A82A-41B2-AACD-AD98F78F6238}.Debug|Any CPU.Build.0 = Debug|Any CPU
		{CF7892A2-A82A-41B2-AACD-AD98F78F6238}.Release|Any CPU.ActiveCfg = Release|Any CPU
		{CF7892A2-A82A-41B2-AACD-AD98F78F6238}.Release|Any CPU.Build.0 = Release|Any CPU
		{55A64A8D-D670-46EF-91F0-1691A554C8DC}.Debug|Any CPU.ActiveCfg = Debug|Any CPU
		{55A64A8D-D670-46EF-91F0-1691A554C8DC}.Debug|Any CPU.Build.0 = Debug|Any CPU
		{55A64A8D-D670-46EF-91F0-1691A554C8DC}.Release|Any CPU.ActiveCfg = Release|Any CPU
		{55A64A8D-D670-46EF-91F0-1691A554C8DC}.Release|Any CPU.Build.0 = Release|Any CPU
		{A097116D-DA44-4CE8-9ADE-661B955D76B5}.Debug|Any CPU.ActiveCfg = Debug|Any CPU
		{A097116D-DA44-4CE8-9ADE-661B955D76B5}.Debug|Any CPU.Build.0 = Debug|Any CPU
		{A097116D-DA44-4CE8-9ADE-661B955D76B5}.Release|Any CPU.ActiveCfg = Release|Any CPU
		{A097116D-DA44-4CE8-9ADE-661B955D76B5}.Release|Any CPU.Build.0 = Release|Any CPU
		{DEA608EE-5CA6-4A42-B2F6-87694F2357DF}.Debug|Any CPU.ActiveCfg = Debug|Any CPU
		{DEA608EE-5CA6-4A42-B2F6-87694F2357DF}.Debug|Any CPU.Build.0 = Debug|Any CPU
		{DEA608EE-5CA6-4A42-B2F6-87694F2357DF}.Release|Any CPU.ActiveCfg = Release|Any CPU
		{DEA608EE-5CA6-4A42-B2F6-87694F2357DF}.Release|Any CPU.Build.0 = Release|Any CPU
		{B083C601-F457-4423-B165-B578EA82F7AE}.Debug|Any CPU.ActiveCfg = Debug|Any CPU
		{B083C601-F457-4423-B165-B578EA82F7AE}.Debug|Any CPU.Build.0 = Debug|Any CPU
		{B083C601-F457-4423-B165-B578EA82F7AE}.Release|Any CPU.ActiveCfg = Release|Any CPU
		{B083C601-F457-4423-B165-B578EA82F7AE}.Release|Any CPU.Build.0 = Release|Any CPU
	EndGlobalSection
	GlobalSection(SolutionProperties) = preSolution
		HideSolutionNode = FALSE
	EndGlobalSection
	GlobalSection(ExtensibilityGlobals) = postSolution
		SolutionGuid = {89C16415-B354-4F58-9E81-10C550C8D3F9}
	EndGlobalSection
	GlobalSection(NestedProjects) = preSolution
		{DEA608EE-5CA6-4A42-B2F6-87694F2357DF} = {370C79FD-6FF1-417D-97C5-2966265FC1E6}
		{B083C601-F457-4423-B165-B578EA82F7AE} = {370C79FD-6FF1-417D-97C5-2966265FC1E6}
	EndGlobalSection
EndGlobal
